{
  "requires": true,
  "lockfileVersion": 1,
  "dependencies": {
    "ngx-flip": {
      "version": "7.0.2",
      "resolved": "https://registry.npmjs.org/ngx-flip/-/ngx-flip-7.0.2.tgz",
      "integrity": "sha512-O36LCxFQv22qHLzND+AgZAPse1AWtGlsC18fxoOHfvR2Ld/La0Wj/awzF1M4fhVkXvjZ9XlAyMzYPoGnJOmTdA==",
      "requires": {
        "tslib": "1.9.3"
      }
    },
    "tslib": {
      "version": "1.9.3",
      "resolved": "https://registry.npmjs.org/tslib/-/tslib-1.9.3.tgz",
      "integrity": "sha512-4krF8scpejhaOgqzBEcGM7yDIEfi0/8+8zDRZhNZZ2kjmHJ4hv3zCbQWxoJGz1iw5U0Jl0nma13xzHXcncMavQ=="
    }
  }
}
